
Microsoft Visual Studio Solution File, Format Version 12.00
# Visual Studio 15
VisualStudioVersion = 15.0.27428.2037
MinimumVisualStudioVersion = 10.0.40219.1
Project("{FAE04EC0-301F-11D3-BF4B-00C04F79EFBC}") = "Lab11.3", "Lab10.4\Lab11.3.csproj", "{8A931D9D-AE6E-4753-983A-0E763A83C3DF}"
EndProject
Global
	GlobalSection(SolutionConfigurationPlatforms) = preSolution
		Debug|Any CPU = Debug|Any CPU
		Release|Any CPU = Release|Any CPU
	EndGlobalSection
	GlobalSection(ProjectConfigurationPlatforms) = postSolution
		{8A931D9D-AE6E-4753-983A-0E763A83C3DF}.Debug|Any CPU.ActiveCfg = Debug|Any CPU
		{8A931D9D-AE6E-4753-983A-0E763A83C3DF}.Debug|Any CPU.Build.0 = Debug|Any CPU
		{8A931D9D-AE6E-4753-983A-0E763A83C3DF}.Release|Any CPU.ActiveCfg = Release|Any CPU
		{8A931D9D-AE6E-4753-983A-0E763A83C3DF}.Release|Any CPU.Build.0 = Release|Any CPU
	EndGlobalSection
	GlobalSection(SolutionProperties) = preSolution
		HideSolutionNode = FALSE
	EndGlobalSection
	GlobalSection(ExtensibilityGlobals) = postSolution
		SolutionGuid = {4DFCACB9-6C46-4B5F-B0B0-4AD3AE50DBBC}
	EndGlobalSection
EndGlobal
