
Microsoft Visual Studio Solution File, Format Version 12.00
# Visual Studio 15
VisualStudioVersion = 15.0.27428.1
MinimumVisualStudioVersion = 10.0.40219.1
Project("{FAE04EC0-301F-11D3-BF4B-00C04F79EFBC}") = "Lab6", "Lab6\Lab6.csproj", "{F5E5F10F-0BF0-433B-85B4-E5C945CAC34A}"
EndProject
Global
	GlobalSection(SolutionConfigurationPlatforms) = preSolution
		Debug|Any CPU = Debug|Any CPU
		Release|Any CPU = Release|Any CPU
	EndGlobalSection
	GlobalSection(ProjectConfigurationPlatforms) = postSolution
		{F5E5F10F-0BF0-433B-85B4-E5C945CAC34A}.Debug|Any CPU.ActiveCfg = Debug|Any CPU
		{F5E5F10F-0BF0-433B-85B4-E5C945CAC34A}.Debug|Any CPU.Build.0 = Debug|Any CPU
		{F5E5F10F-0BF0-433B-85B4-E5C945CAC34A}.Release|Any CPU.ActiveCfg = Release|Any CPU
		{F5E5F10F-0BF0-433B-85B4-E5C945CAC34A}.Release|Any CPU.Build.0 = Release|Any CPU
	EndGlobalSection
	GlobalSection(SolutionProperties) = preSolution
		HideSolutionNode = FALSE
	EndGlobalSection
	GlobalSection(ExtensibilityGlobals) = postSolution
		SolutionGuid = {F06DF4AA-C0D3-4EA2-9246-FEDD2AB2CD4D}
	EndGlobalSection
EndGlobal
